
Microsoft Visual Studio Solution File, Format Version 12.00
# Visual Studio Version 16
VisualStudioVersion = 16.0.30114.105
MinimumVisualStudioVersion = 10.0.40219.1
Project("{9A19103F-16F7-4668-BE54-9A1E7A4F7556}") = "Yatzy", "Yatzy\Yatzy.csproj", "{CCAC5671-F23F-4966-9DDC-D6E891CB8829}"
EndProject
Project("{FAE04EC0-301F-11D3-BF4B-00C04F79EFBC}") = "YatzyTest", "YatzyTest\YatzyTest.csproj", "{2A38ECFC-6A4D-4DCF-A6F5-7379569C5002}"
EndProject
Global
	GlobalSection(SolutionConfigurationPlatforms) = preSolution
		Debug|Any CPU = Debug|Any CPU
		Release|Any CPU = Release|Any CPU
	EndGlobalSection
	GlobalSection(ProjectConfigurationPlatforms) = postSolution
		{CCAC5671-F23F-4966-9DDC-D6E891CB8829}.Debug|Any CPU.ActiveCfg = Debug|Any CPU
		{CCAC5671-F23F-4966-9DDC-D6E891CB8829}.Debug|Any CPU.Build.0 = Debug|Any CPU
		{CCAC5671-F23F-4966-9DDC-D6E891CB8829}.Release|Any CPU.ActiveCfg = Release|Any CPU
		{CCAC5671-F23F-4966-9DDC-D6E891CB8829}.Release|Any CPU.Build.0 = Release|Any CPU
		{2A38ECFC-6A4D-4DCF-A6F5-7379569C5002}.Debug|Any CPU.ActiveCfg = Debug|Any CPU
		{2A38ECFC-6A4D-4DCF-A6F5-7379569C5002}.Debug|Any CPU.Build.0 = Debug|Any CPU
		{2A38ECFC-6A4D-4DCF-A6F5-7379569C5002}.Release|Any CPU.ActiveCfg = Release|Any CPU
		{2A38ECFC-6A4D-4DCF-A6F5-7379569C5002}.Release|Any CPU.Build.0 = Release|Any CPU
	EndGlobalSection
	GlobalSection(SolutionProperties) = preSolution
		HideSolutionNode = FALSE
	EndGlobalSection
	GlobalSection(ExtensibilityGlobals) = postSolution
		SolutionGuid = {E546271A-DAC5-4935-9A45-554436CBB70B}
	EndGlobalSection
EndGlobal
